
Microsoft Visual Studio Solution File, Format Version 12.00
# Visual Studio Version 17
VisualStudioVersion = 17.4.33110.190
MinimumVisualStudioVersion = 10.0.40219.1
Project("{FAE04EC0-301F-11D3-BF4B-00C04F79EFBC}") = "Employees", "Employees\Employees.csproj", "{E30C4DCC-E05A-48DC-961D-21F903B605B7}"
EndProject
Global
	GlobalSection(SolutionConfigurationPlatforms) = preSolution
		Debug|Any CPU = Debug|Any CPU
		Release|Any CPU = Release|Any CPU
	EndGlobalSection
	GlobalSection(ProjectConfigurationPlatforms) = postSolution
		{E30C4DCC-E05A-48DC-961D-21F903B605B7}.Debug|Any CPU.ActiveCfg = Debug|Any CPU
		{E30C4DCC-E05A-48DC-961D-21F903B605B7}.Debug|Any CPU.Build.0 = Debug|Any CPU
		{E30C4DCC-E05A-48DC-961D-21F903B605B7}.Release|Any CPU.ActiveCfg = Release|Any CPU
		{E30C4DCC-E05A-48DC-961D-21F903B605B7}.Release|Any CPU.Build.0 = Release|Any CPU
	EndGlobalSection
	GlobalSection(SolutionProperties) = preSolution
		HideSolutionNode = FALSE
	EndGlobalSection
	GlobalSection(ExtensibilityGlobals) = postSolution
		SolutionGuid = {8A9C5F7B-0F16-45DF-BD77-C67E06BA3E9F}
	EndGlobalSection
EndGlobal
